// !$*UTF8*$!
{
	archiveVersion = 1;
	classes = {
	};
	objectVersion = 50;
	objects = {

/* Begin PBXBuildFile section */
		F412E2EC227E467B00476778 /* NoExceptions.h in Headers */ = {isa = PBXBuildFile; fileRef = F412E2EA227E467B00476778 /* NoExceptions.h */; settings = {ATTRIBUTES = (Public, ); }; };
		F412E2F2227E471300476778 /* Trapping.swift in Sources */ = {isa = PBXBuildFile; fileRef = F43BB510226293C6004418A0 /* Trapping.swift */; };
		F412E2F3227E472600476778 /* ExceptionTrapper.m in Sources */ = {isa = PBXBuildFile; fileRef = F43BB51622629A9E004418A0 /* ExceptionTrapper.m */; };
		F412E2F4227E483A00476778 /* ExceptionTrapper.h in Headers */ = {isa = PBXBuildFile; fileRef = F43BB51522629A9D004418A0 /* ExceptionTrapper.h */; settings = {ATTRIBUTES = (Public, ); }; };
		F412E2F5227E490000476778 /* NSExceptionError.m in Sources */ = {isa = PBXBuildFile; fileRef = F476174D2274F2C700474659 /* NSExceptionError.m */; };
		F412E2F7227E4C9300476778 /* NoExceptions.framework in Frameworks */ = {isa = PBXBuildFile; fileRef = F412E2E8227E467B00476778 /* NoExceptions.framework */; };
		F412E2F8227E4D4100476778 /* NSExceptionError.h in Headers */ = {isa = PBXBuildFile; fileRef = F476174C2274F2C700474659 /* NSExceptionError.h */; settings = {ATTRIBUTES = (Public, ); }; };
		F43BB4FE22628117004418A0 /* TrappingTests.swift in Sources */ = {isa = PBXBuildFile; fileRef = F43BB4FD22628117004418A0 /* TrappingTests.swift */; };
		F43BB50922628FDF004418A0 /* NonThrowingTests.m in Sources */ = {isa = PBXBuildFile; fileRef = F43BB50822628FDF004418A0 /* NonThrowingTests.m */; };
		F43BB50B22629074004418A0 /* SwiftInvocationHelper.swift in Sources */ = {isa = PBXBuildFile; fileRef = F43BB50A22629074004418A0 /* SwiftInvocationHelper.swift */; };
		F43BB50E22629154004418A0 /* ThrowingClass.m in Sources */ = {isa = PBXBuildFile; fileRef = F43BB50D22629154004418A0 /* ThrowingClass.m */; };
		F43BB5142262952F004418A0 /* NonThrowingClass.m in Sources */ = {isa = PBXBuildFile; fileRef = F43BB5132262952F004418A0 /* NonThrowingClass.m */; };
		F44CC9392299E21600E7B86A /* NonThrowingClass.m in Sources */ = {isa = PBXBuildFile; fileRef = F43BB5132262952F004418A0 /* NonThrowingClass.m */; };
		F44CC93A2299E21A00E7B86A /* NonThrowingTests.m in Sources */ = {isa = PBXBuildFile; fileRef = F43BB50822628FDF004418A0 /* NonThrowingTests.m */; };
		F44CC93B2299E21E00E7B86A /* NSExceptionErrorTests.m in Sources */ = {isa = PBXBuildFile; fileRef = F4F129E7227E279E008FC20B /* NSExceptionErrorTests.m */; };
		F44CC93C2299E22100E7B86A /* SwiftInvocationHelper.swift in Sources */ = {isa = PBXBuildFile; fileRef = F43BB50A22629074004418A0 /* SwiftInvocationHelper.swift */; };
		F44CC93D2299E22700E7B86A /* ThrowingClass.m in Sources */ = {isa = PBXBuildFile; fileRef = F43BB50D22629154004418A0 /* ThrowingClass.m */; };
		F44CC93E2299E22A00E7B86A /* TrappingTests.swift in Sources */ = {isa = PBXBuildFile; fileRef = F43BB4FD22628117004418A0 /* TrappingTests.swift */; };
		F44CC93F2299E26E00E7B86A /* NSExceptionError.h in Headers */ = {isa = PBXBuildFile; fileRef = F476174C2274F2C700474659 /* NSExceptionError.h */; settings = {ATTRIBUTES = (Public, ); }; };
		F44CC9402299E27600E7B86A /* NoExceptions.h in Headers */ = {isa = PBXBuildFile; fileRef = F412E2EA227E467B00476778 /* NoExceptions.h */; settings = {ATTRIBUTES = (Public, ); }; };
		F44CC9412299E27D00E7B86A /* ExceptionTrapper.h in Headers */ = {isa = PBXBuildFile; fileRef = F43BB51522629A9D004418A0 /* ExceptionTrapper.h */; settings = {ATTRIBUTES = (Public, ); }; };
		F44CC9422299E3CC00E7B86A /* ExceptionTrapper.m in Sources */ = {isa = PBXBuildFile; fileRef = F43BB51622629A9E004418A0 /* ExceptionTrapper.m */; };
		F44CC9432299E3CC00E7B86A /* NSExceptionError.m in Sources */ = {isa = PBXBuildFile; fileRef = F476174D2274F2C700474659 /* NSExceptionError.m */; };
		F44CC9442299E3CC00E7B86A /* Trapping.swift in Sources */ = {isa = PBXBuildFile; fileRef = F43BB510226293C6004418A0 /* Trapping.swift */; };
		F44CC9452299E3E600E7B86A /* NoExceptions.framework in Frameworks */ = {isa = PBXBuildFile; fileRef = F44CC9222299E1EE00E7B86A /* NoExceptions.framework */; };
		F4DCC92A2290D537005A61E6 /* TrappingTests.swift in Sources */ = {isa = PBXBuildFile; fileRef = F43BB4FD22628117004418A0 /* TrappingTests.swift */; };
		F4DCC92B2290D53E005A61E6 /* ThrowingClass.m in Sources */ = {isa = PBXBuildFile; fileRef = F43BB50D22629154004418A0 /* ThrowingClass.m */; };
		F4DCC92C2290D542005A61E6 /* SwiftInvocationHelper.swift in Sources */ = {isa = PBXBuildFile; fileRef = F43BB50A22629074004418A0 /* SwiftInvocationHelper.swift */; };
		F4DCC92D2290D548005A61E6 /* NSExceptionErrorTests.m in Sources */ = {isa = PBXBuildFile; fileRef = F4F129E7227E279E008FC20B /* NSExceptionErrorTests.m */; };
		F4DCC92E2290D54C005A61E6 /* NonThrowingTests.m in Sources */ = {isa = PBXBuildFile; fileRef = F43BB50822628FDF004418A0 /* NonThrowingTests.m */; };
		F4DCC92F2290D550005A61E6 /* NonThrowingClass.m in Sources */ = {isa = PBXBuildFile; fileRef = F43BB5132262952F004418A0 /* NonThrowingClass.m */; };
		F4DCC9312290D7B3005A61E6 /* NoExceptions.framework in Frameworks */ = {isa = PBXBuildFile; fileRef = F4DCC9132290D2BA005A61E6 /* NoExceptions.framework */; };
		F4DCC9352290D8A8005A61E6 /* ExceptionTrapper.h in Headers */ = {isa = PBXBuildFile; fileRef = F43BB51522629A9D004418A0 /* ExceptionTrapper.h */; settings = {ATTRIBUTES = (Public, ); }; };
		F4DCC9362290DA90005A61E6 /* NoExceptions.h in Headers */ = {isa = PBXBuildFile; fileRef = F412E2EA227E467B00476778 /* NoExceptions.h */; settings = {ATTRIBUTES = (Public, ); }; };
		F4DCC9372290DBD8005A61E6 /* NSExceptionError.h in Headers */ = {isa = PBXBuildFile; fileRef = F476174C2274F2C700474659 /* NSExceptionError.h */; settings = {ATTRIBUTES = (Public, ); }; };
		F4DCC9382290DCFD005A61E6 /* Trapping.swift in Sources */ = {isa = PBXBuildFile; fileRef = F43BB510226293C6004418A0 /* Trapping.swift */; };
		F4DCC9392290DD10005A61E6 /* NSExceptionError.m in Sources */ = {isa = PBXBuildFile; fileRef = F476174D2274F2C700474659 /* NSExceptionError.m */; };
		F4DCC93A2290DD14005A61E6 /* ExceptionTrapper.m in Sources */ = {isa = PBXBuildFile; fileRef = F43BB51622629A9E004418A0 /* ExceptionTrapper.m */; };
		F4F129E8227E279E008FC20B /* NSExceptionErrorTests.m in Sources */ = {isa = PBXBuildFile; fileRef = F4F129E7227E279E008FC20B /* NSExceptionErrorTests.m */; };
/* End PBXBuildFile section */

/* Begin PBXContainerItemProxy section */
		F412E2F0227E469400476778 /* PBXContainerItemProxy */ = {
			isa = PBXContainerItemProxy;
			containerPortal = F43BB4E522627F62004418A0 /* Project object */;
			proxyType = 1;
			remoteGlobalIDString = F412E2E7227E467B00476778;
			remoteInfo = NoExceptions;
		};
		F44CC9342299E20400E7B86A /* PBXContainerItemProxy */ = {
			isa = PBXContainerItemProxy;
			containerPortal = F43BB4E522627F62004418A0 /* Project object */;
			proxyType = 1;
			remoteGlobalIDString = F44CC9212299E1EE00E7B86A;
			remoteInfo = NoExceptions_tvOS;
		};
		F4DCC9252290D510005A61E6 /* PBXContainerItemProxy */ = {
			isa = PBXContainerItemProxy;
			containerPortal = F43BB4E522627F62004418A0 /* Project object */;
			proxyType = 1;
			remoteGlobalIDString = F4DCC9122290D2BA005A61E6;
			remoteInfo = NoExceptions_macOS;
		};
/* End PBXContainerItemProxy section */

/* Begin PBXFileReference section */
		F412E2E8227E467B00476778 /* NoExceptions.framework */ = {isa = PBXFileReference; explicitFileType = wrapper.framework; includeInIndex = 0; path = NoExceptions.framework; sourceTree = BUILT_PRODUCTS_DIR; };
		F412E2EA227E467B00476778 /* NoExceptions.h */ = {isa = PBXFileReference; lastKnownFileType = sourcecode.c.h; path = NoExceptions.h; sourceTree = "<group>"; };
		F412E2EB227E467B00476778 /* Info.plist */ = {isa = PBXFileReference; lastKnownFileType = text.plist.xml; path = Info.plist; sourceTree = "<group>"; };
		F43BB4FB22628117004418A0 /* NoExceptionsTests.xctest */ = {isa = PBXFileReference; explicitFileType = wrapper.cfbundle; includeInIndex = 0; path = NoExceptionsTests.xctest; sourceTree = BUILT_PRODUCTS_DIR; };
		F43BB4FD22628117004418A0 /* TrappingTests.swift */ = {isa = PBXFileReference; lastKnownFileType = sourcecode.swift; path = TrappingTests.swift; sourceTree = "<group>"; };
		F43BB4FF22628117004418A0 /* Info.plist */ = {isa = PBXFileReference; lastKnownFileType = text.plist.xml; path = Info.plist; sourceTree = "<group>"; };
		F43BB50622628306004418A0 /* README.md */ = {isa = PBXFileReference; lastKnownFileType = net.daringfireball.markdown; path = README.md; sourceTree = "<group>"; };
		F43BB50722628FDE004418A0 /* NoExceptionsTests-Bridging-Header.h */ = {isa = PBXFileReference; lastKnownFileType = sourcecode.c.h; path = "NoExceptionsTests-Bridging-Header.h"; sourceTree = "<group>"; };
		F43BB50822628FDF004418A0 /* NonThrowingTests.m */ = {isa = PBXFileReference; lastKnownFileType = sourcecode.c.objc; path = NonThrowingTests.m; sourceTree = "<group>"; };
		F43BB50A22629074004418A0 /* SwiftInvocationHelper.swift */ = {isa = PBXFileReference; lastKnownFileType = sourcecode.swift; path = SwiftInvocationHelper.swift; sourceTree = "<group>"; };
		F43BB50C22629154004418A0 /* ThrowingClass.h */ = {isa = PBXFileReference; lastKnownFileType = sourcecode.c.h; path = ThrowingClass.h; sourceTree = "<group>"; };
		F43BB50D22629154004418A0 /* ThrowingClass.m */ = {isa = PBXFileReference; lastKnownFileType = sourcecode.c.objc; path = ThrowingClass.m; sourceTree = "<group>"; };
		F43BB510226293C6004418A0 /* Trapping.swift */ = {isa = PBXFileReference; lastKnownFileType = sourcecode.swift; path = Trapping.swift; sourceTree = "<group>"; };
		F43BB5122262952F004418A0 /* NonThrowingClass.h */ = {isa = PBXFileReference; lastKnownFileType = sourcecode.c.h; path = NonThrowingClass.h; sourceTree = "<group>"; };
		F43BB5132262952F004418A0 /* NonThrowingClass.m */ = {isa = PBXFileReference; lastKnownFileType = sourcecode.c.objc; path = NonThrowingClass.m; sourceTree = "<group>"; };
		F43BB51522629A9D004418A0 /* ExceptionTrapper.h */ = {isa = PBXFileReference; lastKnownFileType = sourcecode.c.h; path = ExceptionTrapper.h; sourceTree = "<group>"; };
		F43BB51622629A9E004418A0 /* ExceptionTrapper.m */ = {isa = PBXFileReference; lastKnownFileType = sourcecode.c.objc; path = ExceptionTrapper.m; sourceTree = "<group>"; };
		F44CC9222299E1EE00E7B86A /* NoExceptions.framework */ = {isa = PBXFileReference; explicitFileType = wrapper.framework; includeInIndex = 0; path = NoExceptions.framework; sourceTree = BUILT_PRODUCTS_DIR; };
		F44CC9252299E1EF00E7B86A /* Info.plist */ = {isa = PBXFileReference; lastKnownFileType = text.plist.xml; path = Info.plist; sourceTree = "<group>"; };
		F44CC92E2299E20400E7B86A /* NoExceptions_tvOSTests.xctest */ = {isa = PBXFileReference; explicitFileType = wrapper.cfbundle; includeInIndex = 0; path = NoExceptions_tvOSTests.xctest; sourceTree = BUILT_PRODUCTS_DIR; };
		F44CC9322299E20400E7B86A /* Info.plist */ = {isa = PBXFileReference; lastKnownFileType = text.plist.xml; path = Info.plist; sourceTree = "<group>"; };
		F476174C2274F2C700474659 /* NSExceptionError.h */ = {isa = PBXFileReference; lastKnownFileType = sourcecode.c.h; path = NSExceptionError.h; sourceTree = "<group>"; };
		F476174D2274F2C700474659 /* NSExceptionError.m */ = {isa = PBXFileReference; lastKnownFileType = sourcecode.c.objc; path = NSExceptionError.m; sourceTree = "<group>"; };
		F4DCC9132290D2BA005A61E6 /* NoExceptions.framework */ = {isa = PBXFileReference; explicitFileType = wrapper.framework; includeInIndex = 0; path = NoExceptions.framework; sourceTree = BUILT_PRODUCTS_DIR; };
		F4DCC9162290D2BA005A61E6 /* Info.plist */ = {isa = PBXFileReference; lastKnownFileType = text.plist.xml; path = Info.plist; sourceTree = "<group>"; };
		F4DCC91F2290D510005A61E6 /* NoExceptions_macOSTests.xctest */ = {isa = PBXFileReference; explicitFileType = wrapper.cfbundle; includeInIndex = 0; path = NoExceptions_macOSTests.xctest; sourceTree = BUILT_PRODUCTS_DIR; };
		F4DCC9232290D510005A61E6 /* Info.plist */ = {isa = PBXFileReference; lastKnownFileType = text.plist.xml; path = Info.plist; sourceTree = "<group>"; };
		F4F129E7227E279E008FC20B /* NSExceptionErrorTests.m */ = {isa = PBXFileReference; lastKnownFileType = sourcecode.c.objc; path = NSExceptionErrorTests.m; sourceTree = "<group>"; };
/* End PBXFileReference section */

/* Begin PBXFrameworksBuildPhase section */
		F412E2E5227E467B00476778 /* Frameworks */ = {
			isa = PBXFrameworksBuildPhase;
			buildActionMask = 2147483647;
			files = (
			);
			runOnlyForDeploymentPostprocessing = 0;
		};
		F43BB4F822628117004418A0 /* Frameworks */ = {
			isa = PBXFrameworksBuildPhase;
			buildActionMask = 2147483647;
			files = (
				F412E2F7227E4C9300476778 /* NoExceptions.framework in Frameworks */,
			);
			runOnlyForDeploymentPostprocessing = 0;
		};
		F44CC91F2299E1EE00E7B86A /* Frameworks */ = {
			isa = PBXFrameworksBuildPhase;
			buildActionMask = 2147483647;
			files = (
			);
			runOnlyForDeploymentPostprocessing = 0;
		};
		F44CC92B2299E20400E7B86A /* Frameworks */ = {
			isa = PBXFrameworksBuildPhase;
			buildActionMask = 2147483647;
			files = (
				F44CC9452299E3E600E7B86A /* NoExceptions.framework in Frameworks */,
			);
			runOnlyForDeploymentPostprocessing = 0;
		};
		F4DCC9102290D2BA005A61E6 /* Frameworks */ = {
			isa = PBXFrameworksBuildPhase;
			buildActionMask = 2147483647;
			files = (
			);
			runOnlyForDeploymentPostprocessing = 0;
		};
		F4DCC91C2290D510005A61E6 /* Frameworks */ = {
			isa = PBXFrameworksBuildPhase;
			buildActionMask = 2147483647;
			files = (
				F4DCC9312290D7B3005A61E6 /* NoExceptions.framework in Frameworks */,
			);
			runOnlyForDeploymentPostprocessing = 0;
		};
/* End PBXFrameworksBuildPhase section */

/* Begin PBXGroup section */
		F412E2F6227E4C9200476778 /* Frameworks */ = {
			isa = PBXGroup;
			children = (
			);
			name = Frameworks;
			sourceTree = "<group>";
		};
		F43BB4E422627F62004418A0 = {
			isa = PBXGroup;
			children = (
				F43BB50622628306004418A0 /* README.md */,
				F43BB4EF22627F62004418A0 /* NoExceptions */,
				F43BB4FC22628117004418A0 /* NoExceptionsTests */,
				F4DCC9142290D2BA005A61E6 /* NoExceptions_macOS */,
				F4DCC9202290D510005A61E6 /* NoExceptions_macOSTests */,
				F44CC9232299E1EF00E7B86A /* NoExceptions_tvOS */,
				F44CC92F2299E20400E7B86A /* NoExceptions_tvOSTests */,
				F43BB4EE22627F62004418A0 /* Products */,
				F412E2F6227E4C9200476778 /* Frameworks */,
			);
			sourceTree = "<group>";
		};
		F43BB4EE22627F62004418A0 /* Products */ = {
			isa = PBXGroup;
			children = (
				F43BB4FB22628117004418A0 /* NoExceptionsTests.xctest */,
				F412E2E8227E467B00476778 /* NoExceptions.framework */,
				F4DCC9132290D2BA005A61E6 /* NoExceptions.framework */,
				F4DCC91F2290D510005A61E6 /* NoExceptions_macOSTests.xctest */,
				F44CC9222299E1EE00E7B86A /* NoExceptions.framework */,
				F44CC92E2299E20400E7B86A /* NoExceptions_tvOSTests.xctest */,
			);
			name = Products;
			sourceTree = "<group>";
		};
		F43BB4EF22627F62004418A0 /* NoExceptions */ = {
			isa = PBXGroup;
			children = (
				F43BB51522629A9D004418A0 /* ExceptionTrapper.h */,
				F43BB51622629A9E004418A0 /* ExceptionTrapper.m */,
				F412E2EB227E467B00476778 /* Info.plist */,
				F412E2EA227E467B00476778 /* NoExceptions.h */,
				F476174C2274F2C700474659 /* NSExceptionError.h */,
				F476174D2274F2C700474659 /* NSExceptionError.m */,
				F43BB510226293C6004418A0 /* Trapping.swift */,
			);
			path = NoExceptions;
			sourceTree = "<group>";
		};
		F43BB4FC22628117004418A0 /* NoExceptionsTests */ = {
			isa = PBXGroup;
			children = (
				F43BB4FF22628117004418A0 /* Info.plist */,
				F43BB50722628FDE004418A0 /* NoExceptionsTests-Bridging-Header.h */,
				F43BB5122262952F004418A0 /* NonThrowingClass.h */,
				F43BB5132262952F004418A0 /* NonThrowingClass.m */,
				F43BB50822628FDF004418A0 /* NonThrowingTests.m */,
				F4F129E7227E279E008FC20B /* NSExceptionErrorTests.m */,
				F43BB50A22629074004418A0 /* SwiftInvocationHelper.swift */,
				F43BB50C22629154004418A0 /* ThrowingClass.h */,
				F43BB50D22629154004418A0 /* ThrowingClass.m */,
				F43BB4FD22628117004418A0 /* TrappingTests.swift */,
			);
			path = NoExceptionsTests;
			sourceTree = "<group>";
		};
		F44CC9232299E1EF00E7B86A /* NoExceptions_tvOS */ = {
			isa = PBXGroup;
			children = (
				F44CC9252299E1EF00E7B86A /* Info.plist */,
			);
			path = NoExceptions_tvOS;
			sourceTree = "<group>";
		};
		F44CC92F2299E20400E7B86A /* NoExceptions_tvOSTests */ = {
			isa = PBXGroup;
			children = (
				F44CC9322299E20400E7B86A /* Info.plist */,
			);
			path = NoExceptions_tvOSTests;
			sourceTree = "<group>";
		};
		F4DCC9142290D2BA005A61E6 /* NoExceptions_macOS */ = {
			isa = PBXGroup;
			children = (
				F4DCC9162290D2BA005A61E6 /* Info.plist */,
			);
			path = NoExceptions_macOS;
			sourceTree = "<group>";
		};
		F4DCC9202290D510005A61E6 /* NoExceptions_macOSTests */ = {
			isa = PBXGroup;
			children = (
				F4DCC9232290D510005A61E6 /* Info.plist */,
			);
			path = NoExceptions_macOSTests;
			sourceTree = "<group>";
		};
/* End PBXGroup section */

/* Begin PBXHeadersBuildPhase section */
		F412E2E3227E467B00476778 /* Headers */ = {
			isa = PBXHeadersBuildPhase;
			buildActionMask = 2147483647;
			files = (
				F412E2EC227E467B00476778 /* NoExceptions.h in Headers */,
				F412E2F4227E483A00476778 /* ExceptionTrapper.h in Headers */,
				F412E2F8227E4D4100476778 /* NSExceptionError.h in Headers */,
			);
			runOnlyForDeploymentPostprocessing = 0;
		};
		F44CC91D2299E1EE00E7B86A /* Headers */ = {
			isa = PBXHeadersBuildPhase;
			buildActionMask = 2147483647;
			files = (
				F44CC9402299E27600E7B86A /* NoExceptions.h in Headers */,
				F44CC9412299E27D00E7B86A /* ExceptionTrapper.h in Headers */,
				F44CC93F2299E26E00E7B86A /* NSExceptionError.h in Headers */,
			);
			runOnlyForDeploymentPostprocessing = 0;
		};
		F4DCC90E2290D2BA005A61E6 /* Headers */ = {
			isa = PBXHeadersBuildPhase;
			buildActionMask = 2147483647;
			files = (
				F4DCC9372290DBD8005A61E6 /* NSExceptionError.h in Headers */,
				F4DCC9362290DA90005A61E6 /* NoExceptions.h in Headers */,
				F4DCC9352290D8A8005A61E6 /* ExceptionTrapper.h in Headers */,
			);
			runOnlyForDeploymentPostprocessing = 0;
		};
/* End PBXHeadersBuildPhase section */

/* Begin PBXNativeTarget section */
		F412E2E7227E467B00476778 /* NoExceptions */ = {
			isa = PBXNativeTarget;
			buildConfigurationList = F412E2ED227E467B00476778 /* Build configuration list for PBXNativeTarget "NoExceptions" */;
			buildPhases = (
				F412E2E4227E467B00476778 /* Sources */,
				F412E2E3227E467B00476778 /* Headers */,
				F412E2E5227E467B00476778 /* Frameworks */,
				F412E2E6227E467B00476778 /* Resources */,
			);
			buildRules = (
			);
			dependencies = (
			);
			name = NoExceptions;
			productName = NoExceptions;
			productReference = F412E2E8227E467B00476778 /* NoExceptions.framework */;
			productType = "com.apple.product-type.framework";
		};
		F43BB4FA22628117004418A0 /* NoExceptionsTests */ = {
			isa = PBXNativeTarget;
			buildConfigurationList = F43BB50322628117004418A0 /* Build configuration list for PBXNativeTarget "NoExceptionsTests" */;
			buildPhases = (
				F43BB4F722628117004418A0 /* Sources */,
				F43BB4F822628117004418A0 /* Frameworks */,
				F43BB4F922628117004418A0 /* Resources */,
			);
			buildRules = (
			);
			dependencies = (
				F412E2F1227E469400476778 /* PBXTargetDependency */,
			);
			name = NoExceptionsTests;
			productName = NoExceptionsTests;
			productReference = F43BB4FB22628117004418A0 /* NoExceptionsTests.xctest */;
			productType = "com.apple.product-type.bundle.unit-test";
		};
		F44CC9212299E1EE00E7B86A /* NoExceptions_tvOS */ = {
			isa = PBXNativeTarget;
			buildConfigurationList = F44CC9292299E1EF00E7B86A /* Build configuration list for PBXNativeTarget "NoExceptions_tvOS" */;
			buildPhases = (
				F44CC91D2299E1EE00E7B86A /* Headers */,
				F44CC91E2299E1EE00E7B86A /* Sources */,
				F44CC91F2299E1EE00E7B86A /* Frameworks */,
				F44CC9202299E1EE00E7B86A /* Resources */,
			);
			buildRules = (
			);
			dependencies = (
			);
			name = NoExceptions_tvOS;
			productName = NoExceptions_tvOS;
			productReference = F44CC9222299E1EE00E7B86A /* NoExceptions.framework */;
			productType = "com.apple.product-type.framework";
		};
		F44CC92D2299E20400E7B86A /* NoExceptions_tvOSTests */ = {
			isa = PBXNativeTarget;
			buildConfigurationList = F44CC9362299E20400E7B86A /* Build configuration list for PBXNativeTarget "NoExceptions_tvOSTests" */;
			buildPhases = (
				F44CC92A2299E20400E7B86A /* Sources */,
				F44CC92B2299E20400E7B86A /* Frameworks */,
				F44CC92C2299E20400E7B86A /* Resources */,
			);
			buildRules = (
			);
			dependencies = (
				F44CC9352299E20400E7B86A /* PBXTargetDependency */,
			);
			name = NoExceptions_tvOSTests;
			productName = NoExceptions_tvOSTests;
			productReference = F44CC92E2299E20400E7B86A /* NoExceptions_tvOSTests.xctest */;
			productType = "com.apple.product-type.bundle.unit-test";
		};
		F4DCC9122290D2BA005A61E6 /* NoExceptions_macOS */ = {
			isa = PBXNativeTarget;
			buildConfigurationList = F4DCC91A2290D2BA005A61E6 /* Build configuration list for PBXNativeTarget "NoExceptions_macOS" */;
			buildPhases = (
				F4DCC90E2290D2BA005A61E6 /* Headers */,
				F4DCC90F2290D2BA005A61E6 /* Sources */,
				F4DCC9102290D2BA005A61E6 /* Frameworks */,
				F4DCC9112290D2BA005A61E6 /* Resources */,
			);
			buildRules = (
			);
			dependencies = (
			);
			name = NoExceptions_macOS;
			productName = NoExceptions_macOS;
			productReference = F4DCC9132290D2BA005A61E6 /* NoExceptions.framework */;
			productType = "com.apple.product-type.framework";
		};
		F4DCC91E2290D510005A61E6 /* NoExceptions_macOSTests */ = {
			isa = PBXNativeTarget;
			buildConfigurationList = F4DCC9272290D510005A61E6 /* Build configuration list for PBXNativeTarget "NoExceptions_macOSTests" */;
			buildPhases = (
				F4DCC91B2290D510005A61E6 /* Sources */,
				F4DCC91C2290D510005A61E6 /* Frameworks */,
				F4DCC91D2290D510005A61E6 /* Resources */,
			);
			buildRules = (
			);
			dependencies = (
				F4DCC9262290D510005A61E6 /* PBXTargetDependency */,
			);
			name = NoExceptions_macOSTests;
			productName = NoExceptions_macOSTests;
			productReference = F4DCC91F2290D510005A61E6 /* NoExceptions_macOSTests.xctest */;
			productType = "com.apple.product-type.bundle.unit-test";
		};
/* End PBXNativeTarget section */

/* Begin PBXProject section */
		F43BB4E522627F62004418A0 /* Project object */ = {
			isa = PBXProject;
			attributes = {
				LastSwiftUpdateCheck = 1020;
				LastUpgradeCheck = 1020;
				ORGANIZATIONNAME = "Joe Susnick";
				TargetAttributes = {
					F412E2E7227E467B00476778 = {
						CreatedOnToolsVersion = 10.2;
					};
					F43BB4FA22628117004418A0 = {
						CreatedOnToolsVersion = 10.2;
						LastSwiftMigration = 1020;
					};
					F44CC9212299E1EE00E7B86A = {
						CreatedOnToolsVersion = 10.2;
					};
					F44CC92D2299E20400E7B86A = {
						CreatedOnToolsVersion = 10.2;
					};
					F4DCC9122290D2BA005A61E6 = {
						CreatedOnToolsVersion = 10.2;
					};
					F4DCC91E2290D510005A61E6 = {
						CreatedOnToolsVersion = 10.2;
					};
				};
			};
			buildConfigurationList = F43BB4E822627F62004418A0 /* Build configuration list for PBXProject "NoExceptions" */;
			compatibilityVersion = "Xcode 9.3";
			developmentRegion = en;
			hasScannedForEncodings = 0;
			knownRegions = (
				en,
			);
			mainGroup = F43BB4E422627F62004418A0;
			productRefGroup = F43BB4EE22627F62004418A0 /* Products */;
			projectDirPath = "";
			projectRoot = "";
			targets = (
				F412E2E7227E467B00476778 /* NoExceptions */,
				F43BB4FA22628117004418A0 /* NoExceptionsTests */,
				F4DCC9122290D2BA005A61E6 /* NoExceptions_macOS */,
				F4DCC91E2290D510005A61E6 /* NoExceptions_macOSTests */,
				F44CC9212299E1EE00E7B86A /* NoExceptions_tvOS */,
				F44CC92D2299E20400E7B86A /* NoExceptions_tvOSTests */,
			);
		};
/* End PBXProject section */

/* Begin PBXResourcesBuildPhase section */
		F412E2E6227E467B00476778 /* Resources */ = {
			isa = PBXResourcesBuildPhase;
			buildActionMask = 2147483647;
			files = (
			);
			runOnlyForDeploymentPostprocessing = 0;
		};
		F43BB4F922628117004418A0 /* Resources */ = {
			isa = PBXResourcesBuildPhase;
			buildActionMask = 2147483647;
			files = (
			);
			runOnlyForDeploymentPostprocessing = 0;
		};
		F44CC9202299E1EE00E7B86A /* Resources */ = {
			isa = PBXResourcesBuildPhase;
			buildActionMask = 2147483647;
			files = (
			);
			runOnlyForDeploymentPostprocessing = 0;
		};
		F44CC92C2299E20400E7B86A /* Resources */ = {
			isa = PBXResourcesBuildPhase;
			buildActionMask = 2147483647;
			files = (
			);
			runOnlyForDeploymentPostprocessing = 0;
		};
		F4DCC9112290D2BA005A61E6 /* Resources */ = {
			isa = PBXResourcesBuildPhase;
			buildActionMask = 2147483647;
			files = (
			);
			runOnlyForDeploymentPostprocessing = 0;
		};
		F4DCC91D2290D510005A61E6 /* Resources */ = {
			isa = PBXResourcesBuildPhase;
			buildActionMask = 2147483647;
			files = (
			);
			runOnlyForDeploymentPostprocessing = 0;
		};
/* End PBXResourcesBuildPhase section */

/* Begin PBXSourcesBuildPhase section */
		F412E2E4227E467B00476778 /* Sources */ = {
			isa = PBXSourcesBuildPhase;
			buildActionMask = 2147483647;
			files = (
				F412E2F3227E472600476778 /* ExceptionTrapper.m in Sources */,
				F412E2F5227E490000476778 /* NSExceptionError.m in Sources */,
				F412E2F2227E471300476778 /* Trapping.swift in Sources */,
			);
			runOnlyForDeploymentPostprocessing = 0;
		};
		F43BB4F722628117004418A0 /* Sources */ = {
			isa = PBXSourcesBuildPhase;
			buildActionMask = 2147483647;
			files = (
				F43BB5142262952F004418A0 /* NonThrowingClass.m in Sources */,
				F43BB4FE22628117004418A0 /* TrappingTests.swift in Sources */,
				F43BB50B22629074004418A0 /* SwiftInvocationHelper.swift in Sources */,
				F4F129E8227E279E008FC20B /* NSExceptionErrorTests.m in Sources */,
				F43BB50E22629154004418A0 /* ThrowingClass.m in Sources */,
				F43BB50922628FDF004418A0 /* NonThrowingTests.m in Sources */,
			);
			runOnlyForDeploymentPostprocessing = 0;
		};
		F44CC91E2299E1EE00E7B86A /* Sources */ = {
			isa = PBXSourcesBuildPhase;
			buildActionMask = 2147483647;
			files = (
				F44CC9422299E3CC00E7B86A /* ExceptionTrapper.m in Sources */,
				F44CC9432299E3CC00E7B86A /* NSExceptionError.m in Sources */,
				F44CC9442299E3CC00E7B86A /* Trapping.swift in Sources */,
			);
			runOnlyForDeploymentPostprocessing = 0;
		};
		F44CC92A2299E20400E7B86A /* Sources */ = {
			isa = PBXSourcesBuildPhase;
			buildActionMask = 2147483647;
			files = (
				F44CC93A2299E21A00E7B86A /* NonThrowingTests.m in Sources */,
				F44CC93C2299E22100E7B86A /* SwiftInvocationHelper.swift in Sources */,
				F44CC93D2299E22700E7B86A /* ThrowingClass.m in Sources */,
				F44CC9392299E21600E7B86A /* NonThrowingClass.m in Sources */,
				F44CC93E2299E22A00E7B86A /* TrappingTests.swift in Sources */,
				F44CC93B2299E21E00E7B86A /* NSExceptionErrorTests.m in Sources */,
			);
			runOnlyForDeploymentPostprocessing = 0;
		};
		F4DCC90F2290D2BA005A61E6 /* Sources */ = {
			isa = PBXSourcesBuildPhase;
			buildActionMask = 2147483647;
			files = (
				F4DCC93A2290DD14005A61E6 /* ExceptionTrapper.m in Sources */,
				F4DCC9382290DCFD005A61E6 /* Trapping.swift in Sources */,
				F4DCC9392290DD10005A61E6 /* NSExceptionError.m in Sources */,
			);
			runOnlyForDeploymentPostprocessing = 0;
		};
		F4DCC91B2290D510005A61E6 /* Sources */ = {
			isa = PBXSourcesBuildPhase;
			buildActionMask = 2147483647;
			files = (
				F4DCC92B2290D53E005A61E6 /* ThrowingClass.m in Sources */,
				F4DCC92C2290D542005A61E6 /* SwiftInvocationHelper.swift in Sources */,
				F4DCC92A2290D537005A61E6 /* TrappingTests.swift in Sources */,
				F4DCC92D2290D548005A61E6 /* NSExceptionErrorTests.m in Sources */,
				F4DCC92F2290D550005A61E6 /* NonThrowingClass.m in Sources */,
				F4DCC92E2290D54C005A61E6 /* NonThrowingTests.m in Sources */,
			);
			runOnlyForDeploymentPostprocessing = 0;
		};
/* End PBXSourcesBuildPhase section */

/* Begin PBXTargetDependency section */
		F412E2F1227E469400476778 /* PBXTargetDependency */ = {
			isa = PBXTargetDependency;
			target = F412E2E7227E467B00476778 /* NoExceptions */;
			targetProxy = F412E2F0227E469400476778 /* PBXContainerItemProxy */;
		};
		F44CC9352299E20400E7B86A /* PBXTargetDependency */ = {
			isa = PBXTargetDependency;
			target = F44CC9212299E1EE00E7B86A /* NoExceptions_tvOS */;
			targetProxy = F44CC9342299E20400E7B86A /* PBXContainerItemProxy */;
		};
		F4DCC9262290D510005A61E6 /* PBXTargetDependency */ = {
			isa = PBXTargetDependency;
			target = F4DCC9122290D2BA005A61E6 /* NoExceptions_macOS */;
			targetProxy = F4DCC9252290D510005A61E6 /* PBXContainerItemProxy */;
		};
/* End PBXTargetDependency section */

/* Begin XCBuildConfiguration section */
		F412E2EE227E467B00476778 /* Debug */ = {
			isa = XCBuildConfiguration;
			buildSettings = {
				CODE_SIGN_IDENTITY = "iPhone Developer";
				CODE_SIGN_STYLE = Automatic;
				CURRENT_PROJECT_VERSION = 1;
				DEFINES_MODULE = YES;
				DEVELOPMENT_TEAM = NEL58AT86X;
				DYLIB_COMPATIBILITY_VERSION = 1;
				DYLIB_CURRENT_VERSION = 1;
				DYLIB_INSTALL_NAME_BASE = "@rpath";
				INFOPLIST_FILE = NoExceptions/Info.plist;
				INSTALL_PATH = "$(LOCAL_LIBRARY_DIR)/Frameworks";
				LD_RUNPATH_SEARCH_PATHS = (
					"$(inherited)",
					"@executable_path/Frameworks",
					"@loader_path/Frameworks",
				);
				PRODUCT_BUNDLE_IDENTIFIER = com.catpalace.NoExceptions;
				PRODUCT_NAME = "$(TARGET_NAME:c99extidentifier)";
				SKIP_INSTALL = YES;
				SWIFT_VERSION = 5.0;
				TARGETED_DEVICE_FAMILY = "1,2";
				VERSIONING_SYSTEM = "apple-generic";
				VERSION_INFO_PREFIX = "";
			};
			name = Debug;
		};
		F412E2EF227E467B00476778 /* Release */ = {
			isa = XCBuildConfiguration;
			buildSettings = {
				CODE_SIGN_IDENTITY = "";
				CODE_SIGN_STYLE = Automatic;
				CURRENT_PROJECT_VERSION = 1;
				DEFINES_MODULE = YES;
				DEVELOPMENT_TEAM = NEL58AT86X;
				DYLIB_COMPATIBILITY_VERSION = 1;
				DYLIB_CURRENT_VERSION = 1;
				DYLIB_INSTALL_NAME_BASE = "@rpath";
				INFOPLIST_FILE = NoExceptions/Info.plist;
				INSTALL_PATH = "$(LOCAL_LIBRARY_DIR)/Frameworks";
				LD_RUNPATH_SEARCH_PATHS = (
					"$(inherited)",
					"@executable_path/Frameworks",
					"@loader_path/Frameworks",
				);
				PRODUCT_BUNDLE_IDENTIFIER = com.catpalace.NoExceptions;
				PRODUCT_NAME = "$(TARGET_NAME:c99extidentifier)";
				SKIP_INSTALL = YES;
				SWIFT_VERSION = 5.0;
				TARGETED_DEVICE_FAMILY = "1,2";
				VERSIONING_SYSTEM = "apple-generic";
				VERSION_INFO_PREFIX = "";
			};
			name = Release;
		};
		F43BB4F222627F62004418A0 /* Debug */ = {
			isa = XCBuildConfiguration;
			buildSettings = {
				ALWAYS_SEARCH_USER_PATHS = NO;
				CLANG_ANALYZER_NONNULL = YES;
				CLANG_ANALYZER_NUMBER_OBJECT_CONVERSION = YES_AGGRESSIVE;
				CLANG_CXX_LANGUAGE_STANDARD = "gnu++14";
				CLANG_CXX_LIBRARY = "libc++";
				CLANG_ENABLE_MODULES = YES;
				CLANG_ENABLE_OBJC_ARC = YES;
				CLANG_ENABLE_OBJC_WEAK = YES;
				CLANG_WARN_BLOCK_CAPTURE_AUTORELEASING = YES;
				CLANG_WARN_BOOL_CONVERSION = YES;
				CLANG_WARN_COMMA = YES;
				CLANG_WARN_CONSTANT_CONVERSION = YES;
				CLANG_WARN_DEPRECATED_OBJC_IMPLEMENTATIONS = YES;
				CLANG_WARN_DIRECT_OBJC_ISA_USAGE = YES_ERROR;
				CLANG_WARN_DOCUMENTATION_COMMENTS = YES;
				CLANG_WARN_EMPTY_BODY = YES;
				CLANG_WARN_ENUM_CONVERSION = YES;
				CLANG_WARN_INFINITE_RECURSION = YES;
				CLANG_WARN_INT_CONVERSION = YES;
				CLANG_WARN_NON_LITERAL_NULL_CONVERSION = YES;
				CLANG_WARN_OBJC_IMPLICIT_RETAIN_SELF = YES;
				CLANG_WARN_OBJC_LITERAL_CONVERSION = YES;
				CLANG_WARN_OBJC_ROOT_CLASS = YES_ERROR;
				CLANG_WARN_RANGE_LOOP_ANALYSIS = YES;
				CLANG_WARN_STRICT_PROTOTYPES = YES;
				CLANG_WARN_SUSPICIOUS_MOVE = YES;
				CLANG_WARN_UNGUARDED_AVAILABILITY = YES_AGGRESSIVE;
				CLANG_WARN_UNREACHABLE_CODE = YES;
				CLANG_WARN__DUPLICATE_METHOD_MATCH = YES;
				CODE_SIGN_IDENTITY = "iPhone Developer";
				COPY_PHASE_STRIP = NO;
				DEBUG_INFORMATION_FORMAT = dwarf;
				ENABLE_STRICT_OBJC_MSGSEND = YES;
				ENABLE_TESTABILITY = YES;
				GCC_C_LANGUAGE_STANDARD = gnu11;
				GCC_DYNAMIC_NO_PIC = NO;
				GCC_NO_COMMON_BLOCKS = YES;
				GCC_OPTIMIZATION_LEVEL = 0;
				GCC_PREPROCESSOR_DEFINITIONS = (
					"DEBUG=1",
					"$(inherited)",
				);
				GCC_WARN_64_TO_32_BIT_CONVERSION = YES;
				GCC_WARN_ABOUT_RETURN_TYPE = YES_ERROR;
				GCC_WARN_UNDECLARED_SELECTOR = YES;
				GCC_WARN_UNINITIALIZED_AUTOS = YES_AGGRESSIVE;
				GCC_WARN_UNUSED_FUNCTION = YES;
				GCC_WARN_UNUSED_VARIABLE = YES;
				IPHONEOS_DEPLOYMENT_TARGET = 8.0;
				MTL_ENABLE_DEBUG_INFO = INCLUDE_SOURCE;
				MTL_FAST_MATH = YES;
				ONLY_ACTIVE_ARCH = YES;
				SDKROOT = iphoneos;
				SWIFT_ACTIVE_COMPILATION_CONDITIONS = DEBUG;
				SWIFT_OPTIMIZATION_LEVEL = "-Onone";
			};
			name = Debug;
		};
		F43BB4F322627F62004418A0 /* Release */ = {
			isa = XCBuildConfiguration;
			buildSettings = {
				ALWAYS_SEARCH_USER_PATHS = NO;
				CLANG_ANALYZER_NONNULL = YES;
				CLANG_ANALYZER_NUMBER_OBJECT_CONVERSION = YES_AGGRESSIVE;
				CLANG_CXX_LANGUAGE_STANDARD = "gnu++14";
				CLANG_CXX_LIBRARY = "libc++";
				CLANG_ENABLE_MODULES = YES;
				CLANG_ENABLE_OBJC_ARC = YES;
				CLANG_ENABLE_OBJC_WEAK = YES;
				CLANG_WARN_BLOCK_CAPTURE_AUTORELEASING = YES;
				CLANG_WARN_BOOL_CONVERSION = YES;
				CLANG_WARN_COMMA = YES;
				CLANG_WARN_CONSTANT_CONVERSION = YES;
				CLANG_WARN_DEPRECATED_OBJC_IMPLEMENTATIONS = YES;
				CLANG_WARN_DIRECT_OBJC_ISA_USAGE = YES_ERROR;
				CLANG_WARN_DOCUMENTATION_COMMENTS = YES;
				CLANG_WARN_EMPTY_BODY = YES;
				CLANG_WARN_ENUM_CONVERSION = YES;
				CLANG_WARN_INFINITE_RECURSION = YES;
				CLANG_WARN_INT_CONVERSION = YES;
				CLANG_WARN_NON_LITERAL_NULL_CONVERSION = YES;
				CLANG_WARN_OBJC_IMPLICIT_RETAIN_SELF = YES;
				CLANG_WARN_OBJC_LITERAL_CONVERSION = YES;
				CLANG_WARN_OBJC_ROOT_CLASS = YES_ERROR;
				CLANG_WARN_RANGE_LOOP_ANALYSIS = YES;
				CLANG_WARN_STRICT_PROTOTYPES = YES;
				CLANG_WARN_SUSPICIOUS_MOVE = YES;
				CLANG_WARN_UNGUARDED_AVAILABILITY = YES_AGGRESSIVE;
				CLANG_WARN_UNREACHABLE_CODE = YES;
				CLANG_WARN__DUPLICATE_METHOD_MATCH = YES;
				CODE_SIGN_IDENTITY = "iPhone Developer";
				COPY_PHASE_STRIP = NO;
				DEBUG_INFORMATION_FORMAT = "dwarf-with-dsym";
				ENABLE_NS_ASSERTIONS = NO;
				ENABLE_STRICT_OBJC_MSGSEND = YES;
				GCC_C_LANGUAGE_STANDARD = gnu11;
				GCC_NO_COMMON_BLOCKS = YES;
				GCC_WARN_64_TO_32_BIT_CONVERSION = YES;
				GCC_WARN_ABOUT_RETURN_TYPE = YES_ERROR;
				GCC_WARN_UNDECLARED_SELECTOR = YES;
				GCC_WARN_UNINITIALIZED_AUTOS = YES_AGGRESSIVE;
				GCC_WARN_UNUSED_FUNCTION = YES;
				GCC_WARN_UNUSED_VARIABLE = YES;
				IPHONEOS_DEPLOYMENT_TARGET = 8.0;
				MTL_ENABLE_DEBUG_INFO = NO;
				MTL_FAST_MATH = YES;
				SDKROOT = iphoneos;
				SWIFT_COMPILATION_MODE = wholemodule;
				SWIFT_OPTIMIZATION_LEVEL = "-O";
				VALIDATE_PRODUCT = YES;
			};
			name = Release;
		};
		F43BB50422628117004418A0 /* Debug */ = {
			isa = XCBuildConfiguration;
			buildSettings = {
				ALWAYS_EMBED_SWIFT_STANDARD_LIBRARIES = YES;
				CLANG_ENABLE_MODULES = YES;
				CODE_SIGN_IDENTITY = "Mac Developer";
				CODE_SIGN_STYLE = Automatic;
				DEVELOPMENT_TEAM = "";
				INFOPLIST_FILE = NoExceptionsTests/Info.plist;
				LD_RUNPATH_SEARCH_PATHS = (
					"$(inherited)",
					"@executable_path/Frameworks",
					"@loader_path/Frameworks",
				);
				PRODUCT_BUNDLE_IDENTIFIER = com.joesus.NoExceptionsTests;
				PRODUCT_NAME = "$(TARGET_NAME)";
				PROVISIONING_PROFILE_SPECIFIER = "";
				SDKROOT = "";
				SUPPORTED_PLATFORMS = "macosx ios";
				SWIFT_OBJC_BRIDGING_HEADER = "NoExceptionsTests/NoExceptionsTests-Bridging-Header.h";
				SWIFT_OPTIMIZATION_LEVEL = "-Onone";
				SWIFT_VERSION = 5.0;
				TARGETED_DEVICE_FAMILY = "1,2";
			};
			name = Debug;
		};
		F43BB50522628117004418A0 /* Release */ = {
			isa = XCBuildConfiguration;
			buildSettings = {
				ALWAYS_EMBED_SWIFT_STANDARD_LIBRARIES = YES;
				CLANG_ENABLE_MODULES = YES;
				CODE_SIGN_IDENTITY = "Mac Developer";
				CODE_SIGN_STYLE = Automatic;
				DEVELOPMENT_TEAM = "";
				INFOPLIST_FILE = NoExceptionsTests/Info.plist;
				LD_RUNPATH_SEARCH_PATHS = (
					"$(inherited)",
					"@executable_path/Frameworks",
					"@loader_path/Frameworks",
				);
				PRODUCT_BUNDLE_IDENTIFIER = com.joesus.NoExceptionsTests;
				PRODUCT_NAME = "$(TARGET_NAME)";
				PROVISIONING_PROFILE_SPECIFIER = "";
				SDKROOT = "";
				SUPPORTED_PLATFORMS = "macosx ios";
				SWIFT_OBJC_BRIDGING_HEADER = "NoExceptionsTests/NoExceptionsTests-Bridging-Header.h";
				SWIFT_VERSION = 5.0;
				TARGETED_DEVICE_FAMILY = "1,2";
			};
			name = Release;
		};
		F44CC9272299E1EF00E7B86A /* Debug */ = {
			isa = XCBuildConfiguration;
			buildSettings = {
				CODE_SIGN_IDENTITY = "";
				CODE_SIGN_STYLE = Automatic;
				CURRENT_PROJECT_VERSION = 1;
				DEFINES_MODULE = YES;
				DYLIB_COMPATIBILITY_VERSION = 1;
				DYLIB_CURRENT_VERSION = 1;
				DYLIB_INSTALL_NAME_BASE = "@rpath";
				INFOPLIST_FILE = NoExceptions_tvOS/Info.plist;
				INSTALL_PATH = "$(LOCAL_LIBRARY_DIR)/Frameworks";
				LD_RUNPATH_SEARCH_PATHS = (
					"$(inherited)",
					"@executable_path/Frameworks",
					"@loader_path/Frameworks",
				);
				PRODUCT_BUNDLE_IDENTIFIER = "com.catpalace.NoExceptions-tvOS";
				PRODUCT_NAME = NoExceptions;
				SDKROOT = appletvos;
				SKIP_INSTALL = YES;
				SWIFT_VERSION = 5.0;
				TARGETED_DEVICE_FAMILY = 3;
				TVOS_DEPLOYMENT_TARGET = 9.0;
				VERSIONING_SYSTEM = "apple-generic";
				VERSION_INFO_PREFIX = "";
			};
			name = Debug;
		};
		F44CC9282299E1EF00E7B86A /* Release */ = {
			isa = XCBuildConfiguration;
			buildSettings = {
				CODE_SIGN_IDENTITY = "";
				CODE_SIGN_STYLE = Automatic;
				CURRENT_PROJECT_VERSION = 1;
				DEFINES_MODULE = YES;
				DYLIB_COMPATIBILITY_VERSION = 1;
				DYLIB_CURRENT_VERSION = 1;
				DYLIB_INSTALL_NAME_BASE = "@rpath";
				INFOPLIST_FILE = NoExceptions_tvOS/Info.plist;
				INSTALL_PATH = "$(LOCAL_LIBRARY_DIR)/Frameworks";
				LD_RUNPATH_SEARCH_PATHS = (
					"$(inherited)",
					"@executable_path/Frameworks",
					"@loader_path/Frameworks",
				);
				PRODUCT_BUNDLE_IDENTIFIER = "com.catpalace.NoExceptions-tvOS";
				PRODUCT_NAME = NoExceptions;
				SDKROOT = appletvos;
				SKIP_INSTALL = YES;
				SWIFT_VERSION = 5.0;
				TARGETED_DEVICE_FAMILY = 3;
				TVOS_DEPLOYMENT_TARGET = 9.0;
				VERSIONING_SYSTEM = "apple-generic";
				VERSION_INFO_PREFIX = "";
			};
			name = Release;
		};
		F44CC9372299E20400E7B86A /* Debug */ = {
			isa = XCBuildConfiguration;
			buildSettings = {
				ALWAYS_EMBED_SWIFT_STANDARD_LIBRARIES = YES;
				CODE_SIGN_STYLE = Automatic;
				INFOPLIST_FILE = NoExceptions_tvOSTests/Info.plist;
				LD_RUNPATH_SEARCH_PATHS = (
					"$(inherited)",
					"@executable_path/Frameworks",
					"@loader_path/Frameworks",
				);
				PRODUCT_BUNDLE_IDENTIFIER = "com.catpalace.NoExceptions-tvOSTests";
				PRODUCT_NAME = "$(TARGET_NAME)";
				SDKROOT = appletvos;
				SWIFT_OBJC_BRIDGING_HEADER = "NoExceptionsTests/NoExceptionsTests-Bridging-Header.h";
				SWIFT_VERSION = 5.0;
				TARGETED_DEVICE_FAMILY = 3;
				TVOS_DEPLOYMENT_TARGET = 12.2;
			};
			name = Debug;
		};
		F44CC9382299E20400E7B86A /* Release */ = {
			isa = XCBuildConfiguration;
			buildSettings = {
				ALWAYS_EMBED_SWIFT_STANDARD_LIBRARIES = YES;
				CODE_SIGN_STYLE = Automatic;
				INFOPLIST_FILE = NoExceptions_tvOSTests/Info.plist;
				LD_RUNPATH_SEARCH_PATHS = (
					"$(inherited)",
					"@executable_path/Frameworks",
					"@loader_path/Frameworks",
				);
				PRODUCT_BUNDLE_IDENTIFIER = "com.catpalace.NoExceptions-tvOSTests";
				PRODUCT_NAME = "$(TARGET_NAME)";
				SDKROOT = appletvos;
				SWIFT_OBJC_BRIDGING_HEADER = "NoExceptionsTests/NoExceptionsTests-Bridging-Header.h";
				SWIFT_VERSION = 5.0;
				TARGETED_DEVICE_FAMILY = 3;
				TVOS_DEPLOYMENT_TARGET = 12.2;
			};
			name = Release;
		};
		F4DCC9182290D2BA005A61E6 /* Debug */ = {
			isa = XCBuildConfiguration;
			buildSettings = {
				CODE_SIGN_IDENTITY = "Mac Developer";
				CODE_SIGN_STYLE = Automatic;
				COMBINE_HIDPI_IMAGES = YES;
				CURRENT_PROJECT_VERSION = 1;
				DEFINES_MODULE = YES;
				DEVELOPMENT_TEAM = NEL58AT86X;
				DYLIB_COMPATIBILITY_VERSION = 1;
				DYLIB_CURRENT_VERSION = 1;
				DYLIB_INSTALL_NAME_BASE = "@rpath";
				FRAMEWORK_VERSION = A;
				INFOPLIST_FILE = NoExceptions_macOS/Info.plist;
				INSTALL_PATH = "$(LOCAL_LIBRARY_DIR)/Frameworks";
				LD_RUNPATH_SEARCH_PATHS = (
					"$(inherited)",
					"@executable_path/../Frameworks",
					"@loader_path/Frameworks",
				);
				MACOSX_DEPLOYMENT_TARGET = 10.9;
				PRODUCT_BUNDLE_IDENTIFIER = "com.catpalace.NoExceptions-macOS";
				PRODUCT_NAME = NoExceptions;
				PROVISIONING_PROFILE_SPECIFIER = "";
				SDKROOT = macosx;
				SKIP_INSTALL = YES;
				SWIFT_VERSION = 5.0;
				VERSIONING_SYSTEM = "apple-generic";
				VERSION_INFO_PREFIX = "";
			};
			name = Debug;
		};
		F4DCC9192290D2BA005A61E6 /* Release */ = {
			isa = XCBuildConfiguration;
			buildSettings = {
				CODE_SIGN_IDENTITY = "Mac Developer";
				CODE_SIGN_STYLE = Automatic;
				COMBINE_HIDPI_IMAGES = YES;
				CURRENT_PROJECT_VERSION = 1;
				DEFINES_MODULE = YES;
				DEVELOPMENT_TEAM = NEL58AT86X;
				DYLIB_COMPATIBILITY_VERSION = 1;
				DYLIB_CURRENT_VERSION = 1;
				DYLIB_INSTALL_NAME_BASE = "@rpath";
				FRAMEWORK_VERSION = A;
				INFOPLIST_FILE = NoExceptions_macOS/Info.plist;
				INSTALL_PATH = "$(LOCAL_LIBRARY_DIR)/Frameworks";
				LD_RUNPATH_SEARCH_PATHS = (
					"$(inherited)",
					"@executable_path/../Frameworks",
					"@loader_path/Frameworks",
				);
				MACOSX_DEPLOYMENT_TARGET = 10.9;
				PRODUCT_BUNDLE_IDENTIFIER = "com.catpalace.NoExceptions-macOS";
				PRODUCT_NAME = NoExceptions;
				PROVISIONING_PROFILE_SPECIFIER = "";
				SDKROOT = macosx;
				SKIP_INSTALL = YES;
				SWIFT_VERSION = 5.0;
				VERSIONING_SYSTEM = "apple-generic";
				VERSION_INFO_PREFIX = "";
			};
			name = Release;
		};
		F4DCC9282290D510005A61E6 /* Debug */ = {
			isa = XCBuildConfiguration;
			buildSettings = {
				ALWAYS_EMBED_SWIFT_STANDARD_LIBRARIES = YES;
				CODE_SIGN_IDENTITY = "Mac Developer";
				CODE_SIGN_STYLE = Automatic;
				COMBINE_HIDPI_IMAGES = YES;
				DEVELOPMENT_TEAM = NEL58AT86X;
				INFOPLIST_FILE = NoExceptions_macOSTests/Info.plist;
				LD_RUNPATH_SEARCH_PATHS = (
					"$(inherited)",
					"@executable_path/../Frameworks",
					"@loader_path/../Frameworks",
				);
				MACOSX_DEPLOYMENT_TARGET = 10.14;
				PRODUCT_BUNDLE_IDENTIFIER = "com.catpalace.NoExceptions-macOSTests";
				PRODUCT_NAME = "$(TARGET_NAME)";
				PROVISIONING_PROFILE_SPECIFIER = "";
				SDKROOT = macosx;
				SWIFT_OBJC_BRIDGING_HEADER = "NoExceptionsTests/NoExceptionsTests-Bridging-Header.h";
				SWIFT_VERSION = 5.0;
			};
			name = Debug;
		};
		F4DCC9292290D510005A61E6 /* Release */ = {
			isa = XCBuildConfiguration;
			buildSettings = {
				ALWAYS_EMBED_SWIFT_STANDARD_LIBRARIES = YES;
				CODE_SIGN_IDENTITY = "Mac Developer";
				CODE_SIGN_STYLE = Automatic;
				COMBINE_HIDPI_IMAGES = YES;
				DEVELOPMENT_TEAM = NEL58AT86X;
				INFOPLIST_FILE = NoExceptions_macOSTests/Info.plist;
				LD_RUNPATH_SEARCH_PATHS = (
					"$(inherited)",
					"@executable_path/../Frameworks",
					"@loader_path/../Frameworks",
				);
				MACOSX_DEPLOYMENT_TARGET = 10.14;
				PRODUCT_BUNDLE_IDENTIFIER = "com.catpalace.NoExceptions-macOSTests";
				PRODUCT_NAME = "$(TARGET_NAME)";
				PROVISIONING_PROFILE_SPECIFIER = "";
				SDKROOT = macosx;
				SWIFT_OBJC_BRIDGING_HEADER = "NoExceptionsTests/NoExceptionsTests-Bridging-Header.h";
				SWIFT_VERSION = 5.0;
			};
			name = Release;
		};
/* End XCBuildConfiguration section */

/* Begin XCConfigurationList section */
		F412E2ED227E467B00476778 /* Build configuration list for PBXNativeTarget "NoExceptions" */ = {
			isa = XCConfigurationList;
			buildConfigurations = (
				F412E2EE227E467B00476778 /* Debug */,
				F412E2EF227E467B00476778 /* Release */,
			);
			defaultConfigurationIsVisible = 0;
			defaultConfigurationName = Release;
		};
		F43BB4E822627F62004418A0 /* Build configuration list for PBXProject "NoExceptions" */ = {
			isa = XCConfigurationList;
			buildConfigurations = (
				F43BB4F222627F62004418A0 /* Debug */,
				F43BB4F322627F62004418A0 /* Release */,
			);
			defaultConfigurationIsVisible = 0;
			defaultConfigurationName = Release;
		};
		F43BB50322628117004418A0 /* Build configuration list for PBXNativeTarget "NoExceptionsTests" */ = {
			isa = XCConfigurationList;
			buildConfigurations = (
				F43BB50422628117004418A0 /* Debug */,
				F43BB50522628117004418A0 /* Release */,
			);
			defaultConfigurationIsVisible = 0;
			defaultConfigurationName = Release;
		};
		F44CC9292299E1EF00E7B86A /* Build configuration list for PBXNativeTarget "NoExceptions_tvOS" */ = {
			isa = XCConfigurationList;
			buildConfigurations = (
				F44CC9272299E1EF00E7B86A /* Debug */,
				F44CC9282299E1EF00E7B86A /* Release */,
			);
			defaultConfigurationIsVisible = 0;
			defaultConfigurationName = Release;
		};
		F44CC9362299E20400E7B86A /* Build configuration list for PBXNativeTarget "NoExceptions_tvOSTests" */ = {
			isa = XCConfigurationList;
			buildConfigurations = (
				F44CC9372299E20400E7B86A /* Debug */,
				F44CC9382299E20400E7B86A /* Release */,
			);
			defaultConfigurationIsVisible = 0;
			defaultConfigurationName = Release;
		};
		F4DCC91A2290D2BA005A61E6 /* Build configuration list for PBXNativeTarget "NoExceptions_macOS" */ = {
			isa = XCConfigurationList;
			buildConfigurations = (
				F4DCC9182290D2BA005A61E6 /* Debug */,
				F4DCC9192290D2BA005A61E6 /* Release */,
			);
			defaultConfigurationIsVisible = 0;
			defaultConfigurationName = Release;
		};
		F4DCC9272290D510005A61E6 /* Build configuration list for PBXNativeTarget "NoExceptions_macOSTests" */ = {
			isa = XCConfigurationList;
			buildConfigurations = (
				F4DCC9282290D510005A61E6 /* Debug */,
				F4DCC9292290D510005A61E6 /* Release */,
			);
			defaultConfigurationIsVisible = 0;
			defaultConfigurationName = Release;
		};
/* End XCConfigurationList section */
	};
	rootObject = F43BB4E522627F62004418A0 /* Project object */;
}
